
Microsoft Visual Studio Solution File, Format Version 12.00
# Visual Studio Version 17
VisualStudioVersion = 17.5.33414.496
MinimumVisualStudioVersion = 10.0.40219.1
Project("{9A19103F-16F7-4668-BE54-9A1E7A4F7556}") = "DemoADOModel", "DemoADOModel\DemoADOModel.csproj", "{F97CD9CF-5D63-4E33-ABED-FF4224E75C93}"
EndProject
Project("{9A19103F-16F7-4668-BE54-9A1E7A4F7556}") = "CRUDNet5", "CRUDNet5\CRUDNet5.csproj", "{9D6CA650-7533-4716-9CBF-1A7DD0DF742A}"
EndProject
Project("{9A19103F-16F7-4668-BE54-9A1E7A4F7556}") = "Lab1_ClassLibrary", "Lab1_ClassLibrary\Lab1_ClassLibrary.csproj", "{6888A8BC-DB8A-416F-AD9C-C9EBD405DB34}"
EndProject
Project("{9A19103F-16F7-4668-BE54-9A1E7A4F7556}") = "Lab1_WinForm", "Lab1_WinForm\Lab1_WinForm.csproj", "{A8A6BE54-F097-4D80-90E5-133EFDE38A27}"
EndProject
Project("{9A19103F-16F7-4668-BE54-9A1E7A4F7556}") = "Lab2_ClassLibrary", "Lab2_ClassLibrary\Lab2_ClassLibrary.csproj", "{224AB46D-FD93-4987-B27D-D0AC97F1BD87}"
EndProject
Project("{9A19103F-16F7-4668-BE54-9A1E7A4F7556}") = "Lab2_WinForm", "Lab2_WinForm\Lab2_WinForm.csproj", "{63DF85AD-E0F8-44D3-A6A6-654BF9761519}"
EndProject
Project("{9A19103F-16F7-4668-BE54-9A1E7A4F7556}") = "Lab3_ClassLibrary", "Lab3_ClassLibrary\Lab3_ClassLibrary.csproj", "{2E9955D5-814F-4FF1-9CB1-E7182F8D0295}"
EndProject
Project("{9A19103F-16F7-4668-BE54-9A1E7A4F7556}") = "Lab3_EntityFramworkCore", "Lab3_EntityFramworkCore\Lab3_EntityFramworkCore.csproj", "{54807658-F00E-44BF-A243-B4F7CCB7A43F}"
EndProject
Project("{9A19103F-16F7-4668-BE54-9A1E7A4F7556}") = "PE_SU22_Q1", "PE_SU22_Q1\PE_SU22_Q1.csproj", "{74367686-E866-4C64-B836-8C4D414C43BD}"
EndProject
Project("{9A19103F-16F7-4668-BE54-9A1E7A4F7556}") = "PE_PRN211_FA22_Q1", "PE_PRN211_FA22_Q1\PE_PRN211_FA22_Q1.csproj", "{EB0AC39E-0A40-4044-BD08-0530EBD9A3A1}"
EndProject
Project("{9A19103F-16F7-4668-BE54-9A1E7A4F7556}") = "PE_PRN211_FA22_Q2", "PE_PRN211_FA22_Q2\PE_PRN211_FA22_Q2.csproj", "{C9C57915-926F-43C2-954A-51DE97297D50}"
EndProject
Project("{9A19103F-16F7-4668-BE54-9A1E7A4F7556}") = "SU22_Q2", "SU22_Q2\SU22_Q2.csproj", "{2F68FA80-E49C-4D3A-91B0-8F7259BC93D3}"
EndProject
Project("{FAE04EC0-301F-11D3-BF4B-00C04F79EFBC}") = "PE_Sample_SP22_Q1", "PE_Sample_SP22_Q1\PE_Sample_SP22_Q1.csproj", "{318458A5-B579-4E6A-9E33-81D233E0BED9}"
EndProject
Global
	GlobalSection(SolutionConfigurationPlatforms) = preSolution
		Debug|Any CPU = Debug|Any CPU
		Release|Any CPU = Release|Any CPU
	EndGlobalSection
	GlobalSection(ProjectConfigurationPlatforms) = postSolution
		{F97CD9CF-5D63-4E33-ABED-FF4224E75C93}.Debug|Any CPU.ActiveCfg = Debug|Any CPU
		{F97CD9CF-5D63-4E33-ABED-FF4224E75C93}.Debug|Any CPU.Build.0 = Debug|Any CPU
		{F97CD9CF-5D63-4E33-ABED-FF4224E75C93}.Release|Any CPU.ActiveCfg = Release|Any CPU
		{F97CD9CF-5D63-4E33-ABED-FF4224E75C93}.Release|Any CPU.Build.0 = Release|Any CPU
		{9D6CA650-7533-4716-9CBF-1A7DD0DF742A}.Debug|Any CPU.ActiveCfg = Debug|Any CPU
		{9D6CA650-7533-4716-9CBF-1A7DD0DF742A}.Debug|Any CPU.Build.0 = Debug|Any CPU
		{9D6CA650-7533-4716-9CBF-1A7DD0DF742A}.Release|Any CPU.ActiveCfg = Release|Any CPU
		{9D6CA650-7533-4716-9CBF-1A7DD0DF742A}.Release|Any CPU.Build.0 = Release|Any CPU
		{6888A8BC-DB8A-416F-AD9C-C9EBD405DB34}.Debug|Any CPU.ActiveCfg = Debug|Any CPU
		{6888A8BC-DB8A-416F-AD9C-C9EBD405DB34}.Debug|Any CPU.Build.0 = Debug|Any CPU
		{6888A8BC-DB8A-416F-AD9C-C9EBD405DB34}.Release|Any CPU.ActiveCfg = Release|Any CPU
		{6888A8BC-DB8A-416F-AD9C-C9EBD405DB34}.Release|Any CPU.Build.0 = Release|Any CPU
		{A8A6BE54-F097-4D80-90E5-133EFDE38A27}.Debug|Any CPU.ActiveCfg = Debug|Any CPU
		{A8A6BE54-F097-4D80-90E5-133EFDE38A27}.Debug|Any CPU.Build.0 = Debug|Any CPU
		{A8A6BE54-F097-4D80-90E5-133EFDE38A27}.Release|Any CPU.ActiveCfg = Release|Any CPU
		{A8A6BE54-F097-4D80-90E5-133EFDE38A27}.Release|Any CPU.Build.0 = Release|Any CPU
		{224AB46D-FD93-4987-B27D-D0AC97F1BD87}.Debug|Any CPU.ActiveCfg = Debug|Any CPU
		{224AB46D-FD93-4987-B27D-D0AC97F1BD87}.Debug|Any CPU.Build.0 = Debug|Any CPU
		{224AB46D-FD93-4987-B27D-D0AC97F1BD87}.Release|Any CPU.ActiveCfg = Release|Any CPU
		{224AB46D-FD93-4987-B27D-D0AC97F1BD87}.Release|Any CPU.Build.0 = Release|Any CPU
		{63DF85AD-E0F8-44D3-A6A6-654BF9761519}.Debug|Any CPU.ActiveCfg = Debug|Any CPU
		{63DF85AD-E0F8-44D3-A6A6-654BF9761519}.Debug|Any CPU.Build.0 = Debug|Any CPU
		{63DF85AD-E0F8-44D3-A6A6-654BF9761519}.Release|Any CPU.ActiveCfg = Release|Any CPU
		{63DF85AD-E0F8-44D3-A6A6-654BF9761519}.Release|Any CPU.Build.0 = Release|Any CPU
		{2E9955D5-814F-4FF1-9CB1-E7182F8D0295}.Debug|Any CPU.ActiveCfg = Debug|Any CPU
		{2E9955D5-814F-4FF1-9CB1-E7182F8D0295}.Debug|Any CPU.Build.0 = Debug|Any CPU
		{2E9955D5-814F-4FF1-9CB1-E7182F8D0295}.Release|Any CPU.ActiveCfg = Release|Any CPU
		{2E9955D5-814F-4FF1-9CB1-E7182F8D0295}.Release|Any CPU.Build.0 = Release|Any CPU
		{54807658-F00E-44BF-A243-B4F7CCB7A43F}.Debug|Any CPU.ActiveCfg = Debug|Any CPU
		{54807658-F00E-44BF-A243-B4F7CCB7A43F}.Debug|Any CPU.Build.0 = Debug|Any CPU
		{54807658-F00E-44BF-A243-B4F7CCB7A43F}.Release|Any CPU.ActiveCfg = Release|Any CPU
		{54807658-F00E-44BF-A243-B4F7CCB7A43F}.Release|Any CPU.Build.0 = Release|Any CPU
		{74367686-E866-4C64-B836-8C4D414C43BD}.Debug|Any CPU.ActiveCfg = Debug|Any CPU
		{74367686-E866-4C64-B836-8C4D414C43BD}.Debug|Any CPU.Build.0 = Debug|Any CPU
		{74367686-E866-4C64-B836-8C4D414C43BD}.Release|Any CPU.ActiveCfg = Release|Any CPU
		{74367686-E866-4C64-B836-8C4D414C43BD}.Release|Any CPU.Build.0 = Release|Any CPU
		{EB0AC39E-0A40-4044-BD08-0530EBD9A3A1}.Debug|Any CPU.ActiveCfg = Debug|Any CPU
		{EB0AC39E-0A40-4044-BD08-0530EBD9A3A1}.Debug|Any CPU.Build.0 = Debug|Any CPU
		{EB0AC39E-0A40-4044-BD08-0530EBD9A3A1}.Release|Any CPU.ActiveCfg = Release|Any CPU
		{EB0AC39E-0A40-4044-BD08-0530EBD9A3A1}.Release|Any CPU.Build.0 = Release|Any CPU
		{C9C57915-926F-43C2-954A-51DE97297D50}.Debug|Any CPU.ActiveCfg = Debug|Any CPU
		{C9C57915-926F-43C2-954A-51DE97297D50}.Debug|Any CPU.Build.0 = Debug|Any CPU
		{C9C57915-926F-43C2-954A-51DE97297D50}.Release|Any CPU.ActiveCfg = Release|Any CPU
		{C9C57915-926F-43C2-954A-51DE97297D50}.Release|Any CPU.Build.0 = Release|Any CPU
		{2F68FA80-E49C-4D3A-91B0-8F7259BC93D3}.Debug|Any CPU.ActiveCfg = Debug|Any CPU
		{2F68FA80-E49C-4D3A-91B0-8F7259BC93D3}.Debug|Any CPU.Build.0 = Debug|Any CPU
		{2F68FA80-E49C-4D3A-91B0-8F7259BC93D3}.Release|Any CPU.ActiveCfg = Release|Any CPU
		{2F68FA80-E49C-4D3A-91B0-8F7259BC93D3}.Release|Any CPU.Build.0 = Release|Any CPU
		{318458A5-B579-4E6A-9E33-81D233E0BED9}.Debug|Any CPU.ActiveCfg = Debug|Any CPU
		{318458A5-B579-4E6A-9E33-81D233E0BED9}.Debug|Any CPU.Build.0 = Debug|Any CPU
		{318458A5-B579-4E6A-9E33-81D233E0BED9}.Release|Any CPU.ActiveCfg = Release|Any CPU
		{318458A5-B579-4E6A-9E33-81D233E0BED9}.Release|Any CPU.Build.0 = Release|Any CPU
	EndGlobalSection
	GlobalSection(SolutionProperties) = preSolution
		HideSolutionNode = FALSE
	EndGlobalSection
	GlobalSection(ExtensibilityGlobals) = postSolution
		SolutionGuid = {5C3975BC-9A3E-4FB8-9EDE-D9DED5D9F8C0}
	EndGlobalSection
EndGlobal
