
Microsoft Visual Studio Solution File, Format Version 12.00
# Visual Studio Version 17
VisualStudioVersion = 17.5.33414.496
MinimumVisualStudioVersion = 10.0.40219.1
Project("{9A19103F-16F7-4668-BE54-9A1E7A4F7556}") = "DemoADOModel", "DemoADOModel\DemoADOModel.csproj", "{F97CD9CF-5D63-4E33-ABED-FF4224E75C93}"
EndProject
Project("{9A19103F-16F7-4668-BE54-9A1E7A4F7556}") = "SecondWebAppNet5", "SecondWebApp\SecondWebAppNet5.csproj", "{A084FE62-F528-4B1E-B5F9-46BA451DD74E}"
EndProject
Project("{9A19103F-16F7-4668-BE54-9A1E7A4F7556}") = "CRUDNet5", "CRUDNet5\CRUDNet5.csproj", "{9D6CA650-7533-4716-9CBF-1A7DD0DF742A}"
EndProject
Project("{9A19103F-16F7-4668-BE54-9A1E7A4F7556}") = "PE4", "PE4\PE4.csproj", "{04B8AACB-7B23-41FF-B66D-D96808B6A9C6}"
EndProject
Project("{9A19103F-16F7-4668-BE54-9A1E7A4F7556}") = "Lab1_ClassLibrary", "Lab1_ClassLibrary\Lab1_ClassLibrary.csproj", "{6888A8BC-DB8A-416F-AD9C-C9EBD405DB34}"
EndProject
Project("{FAE04EC0-301F-11D3-BF4B-00C04F79EFBC}") = "Lab1_WinForm", "Lab1_WinForm\Lab1_WinForm.csproj", "{A8A6BE54-F097-4D80-90E5-133EFDE38A27}"
EndProject
Global
	GlobalSection(SolutionConfigurationPlatforms) = preSolution
		Debug|Any CPU = Debug|Any CPU
		Release|Any CPU = Release|Any CPU
	EndGlobalSection
	GlobalSection(ProjectConfigurationPlatforms) = postSolution
		{F97CD9CF-5D63-4E33-ABED-FF4224E75C93}.Debug|Any CPU.ActiveCfg = Debug|Any CPU
		{F97CD9CF-5D63-4E33-ABED-FF4224E75C93}.Debug|Any CPU.Build.0 = Debug|Any CPU
		{F97CD9CF-5D63-4E33-ABED-FF4224E75C93}.Release|Any CPU.ActiveCfg = Release|Any CPU
		{F97CD9CF-5D63-4E33-ABED-FF4224E75C93}.Release|Any CPU.Build.0 = Release|Any CPU
		{A084FE62-F528-4B1E-B5F9-46BA451DD74E}.Debug|Any CPU.ActiveCfg = Debug|Any CPU
		{A084FE62-F528-4B1E-B5F9-46BA451DD74E}.Debug|Any CPU.Build.0 = Debug|Any CPU
		{A084FE62-F528-4B1E-B5F9-46BA451DD74E}.Release|Any CPU.ActiveCfg = Release|Any CPU
		{A084FE62-F528-4B1E-B5F9-46BA451DD74E}.Release|Any CPU.Build.0 = Release|Any CPU
		{9D6CA650-7533-4716-9CBF-1A7DD0DF742A}.Debug|Any CPU.ActiveCfg = Debug|Any CPU
		{9D6CA650-7533-4716-9CBF-1A7DD0DF742A}.Debug|Any CPU.Build.0 = Debug|Any CPU
		{9D6CA650-7533-4716-9CBF-1A7DD0DF742A}.Release|Any CPU.ActiveCfg = Release|Any CPU
		{9D6CA650-7533-4716-9CBF-1A7DD0DF742A}.Release|Any CPU.Build.0 = Release|Any CPU
		{04B8AACB-7B23-41FF-B66D-D96808B6A9C6}.Debug|Any CPU.ActiveCfg = Debug|Any CPU
		{04B8AACB-7B23-41FF-B66D-D96808B6A9C6}.Debug|Any CPU.Build.0 = Debug|Any CPU
		{04B8AACB-7B23-41FF-B66D-D96808B6A9C6}.Release|Any CPU.ActiveCfg = Release|Any CPU
		{04B8AACB-7B23-41FF-B66D-D96808B6A9C6}.Release|Any CPU.Build.0 = Release|Any CPU
		{6888A8BC-DB8A-416F-AD9C-C9EBD405DB34}.Debug|Any CPU.ActiveCfg = Debug|Any CPU
		{6888A8BC-DB8A-416F-AD9C-C9EBD405DB34}.Debug|Any CPU.Build.0 = Debug|Any CPU
		{6888A8BC-DB8A-416F-AD9C-C9EBD405DB34}.Release|Any CPU.ActiveCfg = Release|Any CPU
		{6888A8BC-DB8A-416F-AD9C-C9EBD405DB34}.Release|Any CPU.Build.0 = Release|Any CPU
		{A8A6BE54-F097-4D80-90E5-133EFDE38A27}.Debug|Any CPU.ActiveCfg = Debug|Any CPU
		{A8A6BE54-F097-4D80-90E5-133EFDE38A27}.Debug|Any CPU.Build.0 = Debug|Any CPU
		{A8A6BE54-F097-4D80-90E5-133EFDE38A27}.Release|Any CPU.ActiveCfg = Release|Any CPU
		{A8A6BE54-F097-4D80-90E5-133EFDE38A27}.Release|Any CPU.Build.0 = Release|Any CPU
	EndGlobalSection
	GlobalSection(SolutionProperties) = preSolution
		HideSolutionNode = FALSE
	EndGlobalSection
	GlobalSection(ExtensibilityGlobals) = postSolution
		SolutionGuid = {5C3975BC-9A3E-4FB8-9EDE-D9DED5D9F8C0}
	EndGlobalSection
EndGlobal
